<?xml version="1.0" encoding="UTF-8"?>
<Scheme
   LastUpgradeVersion = "1530"
   version = "1.7">
   <BuildAction
      parallelizeBuildables = "YES"
      buildImplicitDependencies = "YES"
      buildArchitectures = "Automatic">
      <BuildActionEntries>
         <BuildActionEntry
            buildForTesting = "YES"
            buildForRunning = "YES"
            buildForProfiling = "YES"
            buildForArchiving = "YES"
            buildForAnalyzing = "YES">
            <BuildableReference
               BuildableIdentifier = "primary"
               BlueprintIdentifier = "63DBD72D2B954215006603D0"
               BuildableName = "VisionOS.app"
               BlueprintName = "VisionOS"
               ReferencedContainer = "container:FluxHaus.xcodeproj">
            </BuildableReference>
         </BuildActionEntry>
      </BuildActionEntries>
   </BuildAction>
   <TestAction
      buildConfiguration = "Debug"
      selectedDebuggerIdentifier = "Xcode.DebuggerFoundation.Debugger.LLDB"
      selectedLauncherIdentifier = "Xcode.DebuggerFoundation.Launcher.LLDB"
      shouldUseLaunchSchemeArgsEnv = "YES"
      shouldAutocreateTestPlan = "YES">
      <Testables>
         <TestableReference
            skipped = "NO"
            parallelizable = "YES">
            <BuildableReference
               BuildableIdentifier = "primary"
               BlueprintIdentifier = "63DBD7412B954216006603D0"
               BuildableName = "VisionOSTests.xctest"
               BlueprintName = "VisionOSTests"
               ReferencedContainer = "container:FluxHaus.xcodeproj">
            </BuildableReference>
         </TestableReference>
      </Testables>
   </TestAction>
   <LaunchAction
      buildConfiguration = "Debug"
      selectedDebuggerIdentifier = "Xcode.DebuggerFoundation.Debugger.LLDB"
      selectedLauncherIdentifier = "Xcode.DebuggerFoundation.Launcher.LLDB"
      launchStyle = "0"
      useCustomWorkingDirectory = "NO"
      ignoresPersistentStateOnLaunch = "NO"
      debugDocumentVersioning = "YES"
      debugServiceExtension = "internal"
      allowLocationSimulation = "YES">
      <BuildableProductRunnable
         runnableDebuggingMode = "0">
         <BuildableReference
            BuildableIdentifier = "primary"
            BlueprintIdentifier = "63DBD72D2B954215006603D0"
            BuildableName = "VisionOS.app"
            BlueprintName = "VisionOS"
            ReferencedContainer = "container:FluxHaus.xcodeproj">
         </BuildableReference>
      </BuildableProductRunnable>
      <EnvironmentVariables>
         <EnvironmentVariable
            key = "mieleClientId"
            value = "b4d52615-d125-4075-b366-83656f43192f"
            isEnabled = "YES">
         </EnvironmentVariable>
         <EnvironmentVariable
            key = "mieleSecretId"
            value = "y3uQYU6tN0oOPoUozI5wTvpAHfth37gv"
            isEnabled = "YES">
         </EnvironmentVariable>
         <EnvironmentVariable
            key = "mieleAppliances"
            value = "[ &quot;000186665406&quot;, &quot;000125845456&quot; ]"
            isEnabled = "YES">
         </EnvironmentVariable>
         <EnvironmentVariable
            key = "boschClientId"
            value = "F9E4FCE10E2AC1A058DF21ECC072EFC198450DB820B010EA9528AC29C4FF2970"
            isEnabled = "YES">
         </EnvironmentVariable>
         <EnvironmentVariable
            key = "boschSecretId"
            value = "AE88A2D392A18AF515119606EEBD1A75B20CA498B34F1129D1B4945D9EAAA9B3"
            isEnabled = "YES">
         </EnvironmentVariable>
         <EnvironmentVariable
            key = "boschAppliance"
            value = "BOSCH-SHE88PZ65N-68A40E0E6839"
            isEnabled = "YES">
         </EnvironmentVariable>
         <EnvironmentVariable
            key = "favouriteHomeKit"
            value = "[&quot;Bedroom Off&quot;, &quot;Comfy&quot;, &quot;Sarah Reading&quot;, &quot;Dim Bedroom&quot;, &quot;Open Living Room Shades&quot;]"
            isEnabled = "YES">
         </EnvironmentVariable>
      </EnvironmentVariables>
   </LaunchAction>
   <ProfileAction
      buildConfiguration = "Release"
      shouldUseLaunchSchemeArgsEnv = "YES"
      savedToolIdentifier = ""
      useCustomWorkingDirectory = "NO"
      debugDocumentVersioning = "YES">
      <BuildableProductRunnable
         runnableDebuggingMode = "0">
         <BuildableReference
            BuildableIdentifier = "primary"
            BlueprintIdentifier = "63DBD72D2B954215006603D0"
            BuildableName = "VisionOS.app"
            BlueprintName = "VisionOS"
            ReferencedContainer = "container:FluxHaus.xcodeproj">
         </BuildableReference>
      </BuildableProductRunnable>
   </ProfileAction>
   <AnalyzeAction
      buildConfiguration = "Debug">
   </AnalyzeAction>
   <ArchiveAction
      buildConfiguration = "Release"
      revealArchiveInOrganizer = "YES">
   </ArchiveAction>
</Scheme>
