// !$*UTF8*$!
{
	archiveVersion = 1;
	classes = {
	};
	objectVersion = 54;
	objects = {

/* Begin PBXBuildFile section */
		63282DC52B992B08009140F2 /* DateTimeView.swift in Sources */ = {isa = PBXBuildFile; fileRef = 632CBC25258682C8003E4988 /* DateTimeView.swift */; };
		632CBC40258682C9003E4988 /* Tests_iOS.swift in Sources */ = {isa = PBXBuildFile; fileRef = 632CBC3F258682C9003E4988 /* Tests_iOS.swift */; };
		632CBC4D258682C9003E4988 /* FluxHausApp.swift in Sources */ = {isa = PBXBuildFile; fileRef = 632CBC24258682C8003E4988 /* FluxHausApp.swift */; };
		632CBC4F258682C9003E4988 /* DateTimeView.swift in Sources */ = {isa = PBXBuildFile; fileRef = 632CBC25258682C8003E4988 /* DateTimeView.swift */; };
		632CBC51258682C9003E4988 /* Assets.xcassets in Resources */ = {isa = PBXBuildFile; fileRef = 632CBC26258682C9003E4988 /* Assets.xcassets */; };
		632CBC6825868365003E4988 /* HomeKit.framework in Frameworks */ = {isa = PBXBuildFile; fileRef = 632CBC6725868365003E4988 /* HomeKit.framework */; };
		632CBC6A25868381003E4988 /* HealthKit.framework in Frameworks */ = {isa = PBXBuildFile; fileRef = 632CBC6925868381003E4988 /* HealthKit.framework */; };
		632CBC702586C79E003E4988 /* Miele.swift in Sources */ = {isa = PBXBuildFile; fileRef = 632CBC6F2586C79E003E4988 /* Miele.swift */; };
		632CBC7725870B75003E4988 /* FluxHausConsts.swift in Sources */ = {isa = PBXBuildFile; fileRef = 632CBC7625870B74003E4988 /* FluxHausConsts.swift */; };
		632CBC7E25870CBB003E4988 /* AppliancesView.swift in Sources */ = {isa = PBXBuildFile; fileRef = 632CBC7D25870CBB003E4988 /* AppliancesView.swift */; };
		632CBC862587A5AA003E4988 /* OAuth2 in Frameworks */ = {isa = PBXBuildFile; productRef = 632CBC852587A5AA003E4988 /* OAuth2 */; };
		632CBC902587B4AD003E4988 /* HomeConnect.swift in Sources */ = {isa = PBXBuildFile; fileRef = 632CBC8F2587B4AD003E4988 /* HomeConnect.swift */; };
		635BD66B2B9DF8A6009CEEA9 /* Robots.swift in Sources */ = {isa = PBXBuildFile; fileRef = 635BD66A2B9DF8A6009CEEA9 /* Robots.swift */; };
		635BD66C2B9DF8A6009CEEA9 /* Robots.swift in Sources */ = {isa = PBXBuildFile; fileRef = 635BD66A2B9DF8A6009CEEA9 /* Robots.swift */; };
		635BD66D2B9DF8A6009CEEA9 /* Robots.swift in Sources */ = {isa = PBXBuildFile; fileRef = 635BD66A2B9DF8A6009CEEA9 /* Robots.swift */; };
		635BD66E2B9DF8A6009CEEA9 /* Robots.swift in Sources */ = {isa = PBXBuildFile; fileRef = 635BD66A2B9DF8A6009CEEA9 /* Robots.swift */; };
		635BD6702B9DFAE1009CEEA9 /* WhereWeAre.swift in Sources */ = {isa = PBXBuildFile; fileRef = 635BD66F2B9DFAE1009CEEA9 /* WhereWeAre.swift */; };
		635BD6712B9DFAE1009CEEA9 /* WhereWeAre.swift in Sources */ = {isa = PBXBuildFile; fileRef = 635BD66F2B9DFAE1009CEEA9 /* WhereWeAre.swift */; };
		635BD6722B9DFAE1009CEEA9 /* WhereWeAre.swift in Sources */ = {isa = PBXBuildFile; fileRef = 635BD66F2B9DFAE1009CEEA9 /* WhereWeAre.swift */; };
		635BD6732B9DFAE1009CEEA9 /* WhereWeAre.swift in Sources */ = {isa = PBXBuildFile; fileRef = 635BD66F2B9DFAE1009CEEA9 /* WhereWeAre.swift */; };
		635BD6752B9E030E009CEEA9 /* ContentView.swift in Sources */ = {isa = PBXBuildFile; fileRef = 635BD6742B9E030E009CEEA9 /* ContentView.swift */; };
		635BD6762B9E030E009CEEA9 /* ContentView.swift in Sources */ = {isa = PBXBuildFile; fileRef = 635BD6742B9E030E009CEEA9 /* ContentView.swift */; };
		6369A139259984E400888E5D /* WeatherAlertView.swift in Sources */ = {isa = PBXBuildFile; fileRef = 6369A138259984E400888E5D /* WeatherAlertView.swift */; };
		636A05992B9E6EE800D42C0D /* Battery.swift in Sources */ = {isa = PBXBuildFile; fileRef = 636A05982B9E6EE800D42C0D /* Battery.swift */; };
		636A059A2B9E6EE800D42C0D /* Battery.swift in Sources */ = {isa = PBXBuildFile; fileRef = 636A05982B9E6EE800D42C0D /* Battery.swift */; };
		636A059B2B9E6EE800D42C0D /* Battery.swift in Sources */ = {isa = PBXBuildFile; fileRef = 636A05982B9E6EE800D42C0D /* Battery.swift */; };
		636A059C2B9E6EE800D42C0D /* Battery.swift in Sources */ = {isa = PBXBuildFile; fileRef = 636A05982B9E6EE800D42C0D /* Battery.swift */; };
		636B9B3A258E57D400DE97BD /* WeatherView.swift in Sources */ = {isa = PBXBuildFile; fileRef = 636B9B39258E57D400DE97BD /* WeatherView.swift */; };
		636B9B45258E5C3600DE97BD /* Weather.swift in Sources */ = {isa = PBXBuildFile; fileRef = 636B9B44258E5C3600DE97BD /* Weather.swift */; };
		636B9B50258E912A00DE97BD /* BackgroundView.swift in Sources */ = {isa = PBXBuildFile; fileRef = 636B9B4F258E912A00DE97BD /* BackgroundView.swift */; };
		636B9B5B258FBB6300DE97BD /* HomeKitView.swift in Sources */ = {isa = PBXBuildFile; fileRef = 636B9B5A258FBB6300DE97BD /* HomeKitView.swift */; };
		636B9B62258FBB7A00DE97BD /* HomeKitIntegration.swift in Sources */ = {isa = PBXBuildFile; fileRef = 636B9B61258FBB7A00DE97BD /* HomeKitIntegration.swift */; };
		6399EA272B9CA534000C8CA4 /* LoadingView.swift in Sources */ = {isa = PBXBuildFile; fileRef = 6399EA262B9CA534000C8CA4 /* LoadingView.swift */; };
		6399EA282B9CA534000C8CA4 /* LoadingView.swift in Sources */ = {isa = PBXBuildFile; fileRef = 6399EA262B9CA534000C8CA4 /* LoadingView.swift */; };
		6399EA292B9CA534000C8CA4 /* LoadingView.swift in Sources */ = {isa = PBXBuildFile; fileRef = 6399EA262B9CA534000C8CA4 /* LoadingView.swift */; };
		6399EA2A2B9CA534000C8CA4 /* LoadingView.swift in Sources */ = {isa = PBXBuildFile; fileRef = 6399EA262B9CA534000C8CA4 /* LoadingView.swift */; };
		6399EA2C2B9D2CCF000C8CA4 /* SystemNotifications.swift in Sources */ = {isa = PBXBuildFile; fileRef = 6399EA2B2B9D2CCF000C8CA4 /* SystemNotifications.swift */; };
		6399EA2D2B9D2CCF000C8CA4 /* SystemNotifications.swift in Sources */ = {isa = PBXBuildFile; fileRef = 6399EA2B2B9D2CCF000C8CA4 /* SystemNotifications.swift */; };
		6399EA2E2B9D2CCF000C8CA4 /* SystemNotifications.swift in Sources */ = {isa = PBXBuildFile; fileRef = 6399EA2B2B9D2CCF000C8CA4 /* SystemNotifications.swift */; };
		6399EA2F2B9D2CCF000C8CA4 /* SystemNotifications.swift in Sources */ = {isa = PBXBuildFile; fileRef = 6399EA2B2B9D2CCF000C8CA4 /* SystemNotifications.swift */; };
		6399EA312B9D3671000C8CA4 /* Login.swift in Sources */ = {isa = PBXBuildFile; fileRef = 6399EA302B9D3671000C8CA4 /* Login.swift */; };
		6399EA322B9D3671000C8CA4 /* Login.swift in Sources */ = {isa = PBXBuildFile; fileRef = 6399EA302B9D3671000C8CA4 /* Login.swift */; };
		6399EA332B9D3671000C8CA4 /* Login.swift in Sources */ = {isa = PBXBuildFile; fileRef = 6399EA302B9D3671000C8CA4 /* Login.swift */; };
		6399EA342B9D3671000C8CA4 /* Login.swift in Sources */ = {isa = PBXBuildFile; fileRef = 6399EA302B9D3671000C8CA4 /* Login.swift */; };
		6399EA362B9D7901000C8CA4 /* QueryFlux.swift in Sources */ = {isa = PBXBuildFile; fileRef = 6399EA352B9D7901000C8CA4 /* QueryFlux.swift */; };
		6399EA372B9D7901000C8CA4 /* QueryFlux.swift in Sources */ = {isa = PBXBuildFile; fileRef = 6399EA352B9D7901000C8CA4 /* QueryFlux.swift */; };
		6399EA382B9D7901000C8CA4 /* QueryFlux.swift in Sources */ = {isa = PBXBuildFile; fileRef = 6399EA352B9D7901000C8CA4 /* QueryFlux.swift */; };
		6399EA392B9D7901000C8CA4 /* QueryFlux.swift in Sources */ = {isa = PBXBuildFile; fileRef = 6399EA352B9D7901000C8CA4 /* QueryFlux.swift */; };
		63DBD7332B954215006603D0 /* RealityKitContent in Frameworks */ = {isa = PBXBuildFile; productRef = 63DBD7322B954215006603D0 /* RealityKitContent */; };
		63DBD7352B954215006603D0 /* VisionOSApp.swift in Sources */ = {isa = PBXBuildFile; fileRef = 63DBD7342B954215006603D0 /* VisionOSApp.swift */; };
		63DBD7372B954215006603D0 /* ContentView.swift in Sources */ = {isa = PBXBuildFile; fileRef = 63DBD7362B954215006603D0 /* ContentView.swift */; };
		63DBD7392B954216006603D0 /* Assets.xcassets in Resources */ = {isa = PBXBuildFile; fileRef = 63DBD7382B954216006603D0 /* Assets.xcassets */; };
		63DBD73C2B954216006603D0 /* Preview Assets.xcassets in Resources */ = {isa = PBXBuildFile; fileRef = 63DBD73B2B954216006603D0 /* Preview Assets.xcassets */; };
		63DBD7472B954216006603D0 /* VisionOSTests.swift in Sources */ = {isa = PBXBuildFile; fileRef = 63DBD7462B954216006603D0 /* VisionOSTests.swift */; };
		63DBD74F2B954334006603D0 /* OAuth2 in Frameworks */ = {isa = PBXBuildFile; productRef = 63DBD74E2B954334006603D0 /* OAuth2 */; };
		63DBD7512B95433C006603D0 /* HomeKit.framework in Frameworks */ = {isa = PBXBuildFile; fileRef = 63DBD7502B95433C006603D0 /* HomeKit.framework */; };
		63DBD7532B954343006603D0 /* HealthKit.framework in Frameworks */ = {isa = PBXBuildFile; fileRef = 63DBD7522B954343006603D0 /* HealthKit.framework */; };
		63DBD7542B95447A006603D0 /* HomeConnect.swift in Sources */ = {isa = PBXBuildFile; fileRef = 632CBC8F2587B4AD003E4988 /* HomeConnect.swift */; };
		63DBD7552B95447A006603D0 /* FluxHausConsts.swift in Sources */ = {isa = PBXBuildFile; fileRef = 632CBC7625870B74003E4988 /* FluxHausConsts.swift */; };
		63DBD7562B95447A006603D0 /* Weather.swift in Sources */ = {isa = PBXBuildFile; fileRef = 636B9B44258E5C3600DE97BD /* Weather.swift */; };
		63DBD7572B95447A006603D0 /* Miele.swift in Sources */ = {isa = PBXBuildFile; fileRef = 632CBC6F2586C79E003E4988 /* Miele.swift */; };
		63DBD7582B954486006603D0 /* HomeKitView.swift in Sources */ = {isa = PBXBuildFile; fileRef = 636B9B5A258FBB6300DE97BD /* HomeKitView.swift */; };
		63DBD7592B954486006603D0 /* HomeKitIntegration.swift in Sources */ = {isa = PBXBuildFile; fileRef = 636B9B61258FBB7A00DE97BD /* HomeKitIntegration.swift */; };
		63DBD75A2B954486006603D0 /* WeatherView.swift in Sources */ = {isa = PBXBuildFile; fileRef = 636B9B39258E57D400DE97BD /* WeatherView.swift */; };
		63DBD75B2B954486006603D0 /* WeatherAlertView.swift in Sources */ = {isa = PBXBuildFile; fileRef = 6369A138259984E400888E5D /* WeatherAlertView.swift */; };
		63DBD75C2B954486006603D0 /* AppliancesView.swift in Sources */ = {isa = PBXBuildFile; fileRef = 632CBC7D25870CBB003E4988 /* AppliancesView.swift */; };
/* End PBXBuildFile section */

/* Begin PBXContainerItemProxy section */
		632CBC3C258682C9003E4988 /* PBXContainerItemProxy */ = {
			isa = PBXContainerItemProxy;
			containerPortal = 632CBC1F258682C8003E4988 /* Project object */;
			proxyType = 1;
			remoteGlobalIDString = 632CBC2A258682C9003E4988;
			remoteInfo = "FluxHaus (iOS)";
		};
		63DBD7432B954216006603D0 /* PBXContainerItemProxy */ = {
			isa = PBXContainerItemProxy;
			containerPortal = 632CBC1F258682C8003E4988 /* Project object */;
			proxyType = 1;
			remoteGlobalIDString = 63DBD72D2B954215006603D0;
			remoteInfo = VisionOS;
		};
/* End PBXContainerItemProxy section */

/* Begin PBXFileReference section */
		632CBC24258682C8003E4988 /* FluxHausApp.swift */ = {isa = PBXFileReference; lastKnownFileType = sourcecode.swift; path = FluxHausApp.swift; sourceTree = "<group>"; };
		632CBC25258682C8003E4988 /* DateTimeView.swift */ = {isa = PBXFileReference; lastKnownFileType = sourcecode.swift; path = DateTimeView.swift; sourceTree = "<group>"; };
		632CBC26258682C9003E4988 /* Assets.xcassets */ = {isa = PBXFileReference; lastKnownFileType = folder.assetcatalog; path = Assets.xcassets; sourceTree = "<group>"; };
		632CBC2B258682C9003E4988 /* FluxHaus.app */ = {isa = PBXFileReference; explicitFileType = wrapper.application; includeInIndex = 0; path = FluxHaus.app; sourceTree = BUILT_PRODUCTS_DIR; };
		632CBC2E258682C9003E4988 /* Info.plist */ = {isa = PBXFileReference; lastKnownFileType = text.plist.xml; path = Info.plist; sourceTree = "<group>"; };
		632CBC35258682C9003E4988 /* Info.plist */ = {isa = PBXFileReference; lastKnownFileType = text.plist.xml; path = Info.plist; sourceTree = "<group>"; };
		632CBC36258682C9003E4988 /* macOS.entitlements */ = {isa = PBXFileReference; lastKnownFileType = text.plist.entitlements; path = macOS.entitlements; sourceTree = "<group>"; };
		632CBC3B258682C9003E4988 /* Tests iOS.xctest */ = {isa = PBXFileReference; explicitFileType = wrapper.cfbundle; includeInIndex = 0; path = "Tests iOS.xctest"; sourceTree = BUILT_PRODUCTS_DIR; };
		632CBC3F258682C9003E4988 /* Tests_iOS.swift */ = {isa = PBXFileReference; lastKnownFileType = sourcecode.swift; path = Tests_iOS.swift; sourceTree = "<group>"; };
		632CBC41258682C9003E4988 /* Info.plist */ = {isa = PBXFileReference; lastKnownFileType = text.plist.xml; path = Info.plist; sourceTree = "<group>"; };
		632CBC4A258682C9003E4988 /* Tests_macOS.swift */ = {isa = PBXFileReference; lastKnownFileType = sourcecode.swift; path = Tests_macOS.swift; sourceTree = "<group>"; };
		632CBC4C258682C9003E4988 /* Info.plist */ = {isa = PBXFileReference; lastKnownFileType = text.plist.xml; path = Info.plist; sourceTree = "<group>"; };
		632CBC6525868365003E4988 /* FluxHaus.entitlements */ = {isa = PBXFileReference; lastKnownFileType = text.plist.entitlements; path = FluxHaus.entitlements; sourceTree = "<group>"; };
		632CBC6725868365003E4988 /* HomeKit.framework */ = {isa = PBXFileReference; lastKnownFileType = wrapper.framework; name = HomeKit.framework; path = Platforms/iPhoneOS.platform/Developer/SDKs/iPhoneOS14.2.sdk/System/Library/Frameworks/HomeKit.framework; sourceTree = DEVELOPER_DIR; };
		632CBC6925868381003E4988 /* HealthKit.framework */ = {isa = PBXFileReference; lastKnownFileType = wrapper.framework; name = HealthKit.framework; path = Platforms/iPhoneOS.platform/Developer/SDKs/iPhoneOS14.2.sdk/System/Library/Frameworks/HealthKit.framework; sourceTree = DEVELOPER_DIR; };
		632CBC6F2586C79E003E4988 /* Miele.swift */ = {isa = PBXFileReference; lastKnownFileType = sourcecode.swift; path = Miele.swift; sourceTree = "<group>"; };
		632CBC7625870B74003E4988 /* FluxHausConsts.swift */ = {isa = PBXFileReference; lastKnownFileType = sourcecode.swift; path = FluxHausConsts.swift; sourceTree = "<group>"; };
		632CBC7D25870CBB003E4988 /* AppliancesView.swift */ = {isa = PBXFileReference; lastKnownFileType = sourcecode.swift; path = AppliancesView.swift; sourceTree = "<group>"; };
		632CBC8F2587B4AD003E4988 /* HomeConnect.swift */ = {isa = PBXFileReference; lastKnownFileType = sourcecode.swift; path = HomeConnect.swift; sourceTree = "<group>"; };
		635BD66A2B9DF8A6009CEEA9 /* Robots.swift */ = {isa = PBXFileReference; lastKnownFileType = sourcecode.swift; path = Robots.swift; sourceTree = "<group>"; };
		635BD66F2B9DFAE1009CEEA9 /* WhereWeAre.swift */ = {isa = PBXFileReference; lastKnownFileType = sourcecode.swift; path = WhereWeAre.swift; sourceTree = "<group>"; };
		635BD6742B9E030E009CEEA9 /* ContentView.swift */ = {isa = PBXFileReference; lastKnownFileType = sourcecode.swift; path = ContentView.swift; sourceTree = "<group>"; };
		6369A138259984E400888E5D /* WeatherAlertView.swift */ = {isa = PBXFileReference; lastKnownFileType = sourcecode.swift; path = WeatherAlertView.swift; sourceTree = "<group>"; };
		636A05982B9E6EE800D42C0D /* Battery.swift */ = {isa = PBXFileReference; lastKnownFileType = sourcecode.swift; path = Battery.swift; sourceTree = "<group>"; };
		636B9B39258E57D400DE97BD /* WeatherView.swift */ = {isa = PBXFileReference; lastKnownFileType = sourcecode.swift; path = WeatherView.swift; sourceTree = "<group>"; };
		636B9B44258E5C3600DE97BD /* Weather.swift */ = {isa = PBXFileReference; lastKnownFileType = sourcecode.swift; path = Weather.swift; sourceTree = "<group>"; };
		636B9B4F258E912A00DE97BD /* BackgroundView.swift */ = {isa = PBXFileReference; lastKnownFileType = sourcecode.swift; path = BackgroundView.swift; sourceTree = "<group>"; };
		636B9B5A258FBB6300DE97BD /* HomeKitView.swift */ = {isa = PBXFileReference; lastKnownFileType = sourcecode.swift; path = HomeKitView.swift; sourceTree = "<group>"; };
		636B9B61258FBB7A00DE97BD /* HomeKitIntegration.swift */ = {isa = PBXFileReference; lastKnownFileType = sourcecode.swift; path = HomeKitIntegration.swift; sourceTree = "<group>"; };
		6399EA262B9CA534000C8CA4 /* LoadingView.swift */ = {isa = PBXFileReference; lastKnownFileType = sourcecode.swift; name = LoadingView.swift; path = VisionOS/LoadingView.swift; sourceTree = SOURCE_ROOT; };
		6399EA2B2B9D2CCF000C8CA4 /* SystemNotifications.swift */ = {isa = PBXFileReference; lastKnownFileType = sourcecode.swift; path = SystemNotifications.swift; sourceTree = "<group>"; };
		6399EA302B9D3671000C8CA4 /* Login.swift */ = {isa = PBXFileReference; lastKnownFileType = sourcecode.swift; path = Login.swift; sourceTree = "<group>"; };
		6399EA352B9D7901000C8CA4 /* QueryFlux.swift */ = {isa = PBXFileReference; lastKnownFileType = sourcecode.swift; path = QueryFlux.swift; sourceTree = "<group>"; };
		63DBD72E2B954215006603D0 /* VisionOS.app */ = {isa = PBXFileReference; explicitFileType = wrapper.application; includeInIndex = 0; path = VisionOS.app; sourceTree = BUILT_PRODUCTS_DIR; };
		63DBD7312B954215006603D0 /* RealityKitContent */ = {isa = PBXFileReference; lastKnownFileType = wrapper; path = RealityKitContent; sourceTree = "<group>"; };
		63DBD7342B954215006603D0 /* VisionOSApp.swift */ = {isa = PBXFileReference; lastKnownFileType = sourcecode.swift; path = VisionOSApp.swift; sourceTree = "<group>"; };
		63DBD7362B954215006603D0 /* ContentView.swift */ = {isa = PBXFileReference; lastKnownFileType = sourcecode.swift; path = ContentView.swift; sourceTree = "<group>"; };
		63DBD7382B954216006603D0 /* Assets.xcassets */ = {isa = PBXFileReference; lastKnownFileType = folder.assetcatalog; path = Assets.xcassets; sourceTree = "<group>"; };
		63DBD73B2B954216006603D0 /* Preview Assets.xcassets */ = {isa = PBXFileReference; lastKnownFileType = folder.assetcatalog; path = "Preview Assets.xcassets"; sourceTree = "<group>"; };
		63DBD73D2B954216006603D0 /* Info.plist */ = {isa = PBXFileReference; lastKnownFileType = text.plist.xml; path = Info.plist; sourceTree = "<group>"; };
		63DBD7422B954216006603D0 /* VisionOSTests.xctest */ = {isa = PBXFileReference; explicitFileType = wrapper.cfbundle; includeInIndex = 0; path = VisionOSTests.xctest; sourceTree = BUILT_PRODUCTS_DIR; };
		63DBD7462B954216006603D0 /* VisionOSTests.swift */ = {isa = PBXFileReference; lastKnownFileType = sourcecode.swift; path = VisionOSTests.swift; sourceTree = "<group>"; };
		63DBD7502B95433C006603D0 /* HomeKit.framework */ = {isa = PBXFileReference; lastKnownFileType = wrapper.framework; name = HomeKit.framework; path = Platforms/XROS.platform/Developer/SDKs/XROS1.0.sdk/System/Library/Frameworks/HomeKit.framework; sourceTree = DEVELOPER_DIR; };
		63DBD7522B954343006603D0 /* HealthKit.framework */ = {isa = PBXFileReference; lastKnownFileType = wrapper.framework; name = HealthKit.framework; path = Platforms/XROS.platform/Developer/SDKs/XROS1.0.sdk/System/Library/Frameworks/HealthKit.framework; sourceTree = DEVELOPER_DIR; };
		63DBD75D2B954931006603D0 /* VisionOS.entitlements */ = {isa = PBXFileReference; lastKnownFileType = text.plist.entitlements; path = VisionOS.entitlements; sourceTree = "<group>"; };
/* End PBXFileReference section */

/* Begin PBXFrameworksBuildPhase section */
		632CBC28258682C9003E4988 /* Frameworks */ = {
			isa = PBXFrameworksBuildPhase;
			buildActionMask = 2147483647;
			files = (
				632CBC862587A5AA003E4988 /* OAuth2 in Frameworks */,
				632CBC6825868365003E4988 /* HomeKit.framework in Frameworks */,
				632CBC6A25868381003E4988 /* HealthKit.framework in Frameworks */,
			);
			runOnlyForDeploymentPostprocessing = 0;
		};
		632CBC38258682C9003E4988 /* Frameworks */ = {
			isa = PBXFrameworksBuildPhase;
			buildActionMask = 2147483647;
			files = (
			);
			runOnlyForDeploymentPostprocessing = 0;
		};
		63DBD72B2B954215006603D0 /* Frameworks */ = {
			isa = PBXFrameworksBuildPhase;
			buildActionMask = 2147483647;
			files = (
				63DBD7512B95433C006603D0 /* HomeKit.framework in Frameworks */,
				63DBD7532B954343006603D0 /* HealthKit.framework in Frameworks */,
				63DBD7332B954215006603D0 /* RealityKitContent in Frameworks */,
				63DBD74F2B954334006603D0 /* OAuth2 in Frameworks */,
			);
			runOnlyForDeploymentPostprocessing = 0;
		};
		63DBD73F2B954216006603D0 /* Frameworks */ = {
			isa = PBXFrameworksBuildPhase;
			buildActionMask = 2147483647;
			files = (
			);
			runOnlyForDeploymentPostprocessing = 0;
		};
/* End PBXFrameworksBuildPhase section */

/* Begin PBXGroup section */
		632CBC1E258682C8003E4988 = {
			isa = PBXGroup;
			children = (
				632CBC6525868365003E4988 /* FluxHaus.entitlements */,
				632CBC23258682C8003E4988 /* Shared */,
				632CBC2D258682C9003E4988 /* iOS */,
				632CBC34258682C9003E4988 /* macOS */,
				632CBC3E258682C9003E4988 /* Tests iOS */,
				632CBC49258682C9003E4988 /* Tests macOS */,
				63DBD72F2B954215006603D0 /* VisionOS */,
				63DBD7302B954215006603D0 /* Packages */,
				63DBD7452B954216006603D0 /* VisionOSTests */,
				632CBC2C258682C9003E4988 /* Products */,
				632CBC6625868365003E4988 /* Frameworks */,
			);
			sourceTree = "<group>";
		};
		632CBC23258682C8003E4988 /* Shared */ = {
			isa = PBXGroup;
			children = (
				632CBC7D25870CBB003E4988 /* AppliancesView.swift */,
				636B9B4F258E912A00DE97BD /* BackgroundView.swift */,
				636A05982B9E6EE800D42C0D /* Battery.swift */,
				632CBC25258682C8003E4988 /* DateTimeView.swift */,
				632CBC7625870B74003E4988 /* FluxHausConsts.swift */,
				632CBC8F2587B4AD003E4988 /* HomeConnect.swift */,
				636B9B61258FBB7A00DE97BD /* HomeKitIntegration.swift */,
				636B9B5A258FBB6300DE97BD /* HomeKitView.swift */,
				6399EA262B9CA534000C8CA4 /* LoadingView.swift */,
				6399EA302B9D3671000C8CA4 /* Login.swift */,
				632CBC6F2586C79E003E4988 /* Miele.swift */,
				6399EA352B9D7901000C8CA4 /* QueryFlux.swift */,
				635BD66A2B9DF8A6009CEEA9 /* Robots.swift */,
				6399EA2B2B9D2CCF000C8CA4 /* SystemNotifications.swift */,
				636B9B44258E5C3600DE97BD /* Weather.swift */,
				6369A138259984E400888E5D /* WeatherAlertView.swift */,
				636B9B39258E57D400DE97BD /* WeatherView.swift */,
				635BD66F2B9DFAE1009CEEA9 /* WhereWeAre.swift */,
				632CBC26258682C9003E4988 /* Assets.xcassets */,
			);
			path = Shared;
			sourceTree = "<group>";
		};
		632CBC2C258682C9003E4988 /* Products */ = {
			isa = PBXGroup;
			children = (
				632CBC2B258682C9003E4988 /* FluxHaus.app */,
				632CBC3B258682C9003E4988 /* Tests iOS.xctest */,
				63DBD72E2B954215006603D0 /* VisionOS.app */,
				63DBD7422B954216006603D0 /* VisionOSTests.xctest */,
			);
			name = Products;
			sourceTree = "<group>";
		};
		632CBC2D258682C9003E4988 /* iOS */ = {
			isa = PBXGroup;
			children = (
				632CBC24258682C8003E4988 /* FluxHausApp.swift */,
				635BD6742B9E030E009CEEA9 /* ContentView.swift */,
				632CBC2E258682C9003E4988 /* Info.plist */,
			);
			path = iOS;
			sourceTree = "<group>";
		};
		632CBC34258682C9003E4988 /* macOS */ = {
			isa = PBXGroup;
			children = (
				632CBC35258682C9003E4988 /* Info.plist */,
				632CBC36258682C9003E4988 /* macOS.entitlements */,
			);
			path = macOS;
			sourceTree = "<group>";
		};
		632CBC3E258682C9003E4988 /* Tests iOS */ = {
			isa = PBXGroup;
			children = (
				632CBC3F258682C9003E4988 /* Tests_iOS.swift */,
				632CBC41258682C9003E4988 /* Info.plist */,
			);
			path = "Tests iOS";
			sourceTree = "<group>";
		};
		632CBC49258682C9003E4988 /* Tests macOS */ = {
			isa = PBXGroup;
			children = (
				632CBC4A258682C9003E4988 /* Tests_macOS.swift */,
				632CBC4C258682C9003E4988 /* Info.plist */,
			);
			path = "Tests macOS";
			sourceTree = "<group>";
		};
		632CBC6625868365003E4988 /* Frameworks */ = {
			isa = PBXGroup;
			children = (
				63DBD7522B954343006603D0 /* HealthKit.framework */,
				63DBD7502B95433C006603D0 /* HomeKit.framework */,
				632CBC6925868381003E4988 /* HealthKit.framework */,
				632CBC6725868365003E4988 /* HomeKit.framework */,
			);
			name = Frameworks;
			sourceTree = "<group>";
		};
		63DBD72F2B954215006603D0 /* VisionOS */ = {
			isa = PBXGroup;
			children = (
				63DBD75D2B954931006603D0 /* VisionOS.entitlements */,
				63DBD7342B954215006603D0 /* VisionOSApp.swift */,
				63DBD7362B954215006603D0 /* ContentView.swift */,
				63DBD7382B954216006603D0 /* Assets.xcassets */,
				63DBD73D2B954216006603D0 /* Info.plist */,
				63DBD73A2B954216006603D0 /* Preview Content */,
			);
			path = VisionOS;
			sourceTree = "<group>";
		};
		63DBD7302B954215006603D0 /* Packages */ = {
			isa = PBXGroup;
			children = (
				63DBD7312B954215006603D0 /* RealityKitContent */,
			);
			path = Packages;
			sourceTree = "<group>";
		};
		63DBD73A2B954216006603D0 /* Preview Content */ = {
			isa = PBXGroup;
			children = (
				63DBD73B2B954216006603D0 /* Preview Assets.xcassets */,
			);
			path = "Preview Content";
			sourceTree = "<group>";
		};
		63DBD7452B954216006603D0 /* VisionOSTests */ = {
			isa = PBXGroup;
			children = (
				63DBD7462B954216006603D0 /* VisionOSTests.swift */,
			);
			path = VisionOSTests;
			sourceTree = "<group>";
		};
/* End PBXGroup section */

/* Begin PBXNativeTarget section */
		632CBC2A258682C9003E4988 /* FluxHaus (iOS) */ = {
			isa = PBXNativeTarget;
			buildConfigurationList = 632CBC55258682C9003E4988 /* Build configuration list for PBXNativeTarget "FluxHaus (iOS)" */;
			buildPhases = (
				632CBC27258682C9003E4988 /* Sources */,
				632CBC28258682C9003E4988 /* Frameworks */,
				632CBC29258682C9003E4988 /* Resources */,
				635F9D042BAF6F15000700FD /* ShellScript */,
			);
			buildRules = (
			);
			dependencies = (
			);
			name = "FluxHaus (iOS)";
			packageProductDependencies = (
				632CBC852587A5AA003E4988 /* OAuth2 */,
			);
			productName = "FluxHaus (iOS)";
			productReference = 632CBC2B258682C9003E4988 /* FluxHaus.app */;
			productType = "com.apple.product-type.application";
		};
		632CBC3A258682C9003E4988 /* Tests iOS */ = {
			isa = PBXNativeTarget;
			buildConfigurationList = 632CBC5B258682C9003E4988 /* Build configuration list for PBXNativeTarget "Tests iOS" */;
			buildPhases = (
				632CBC37258682C9003E4988 /* Sources */,
				632CBC38258682C9003E4988 /* Frameworks */,
				632CBC39258682C9003E4988 /* Resources */,
			);
			buildRules = (
			);
			dependencies = (
				632CBC3D258682C9003E4988 /* PBXTargetDependency */,
			);
			name = "Tests iOS";
			productName = "Tests iOS";
			productReference = 632CBC3B258682C9003E4988 /* Tests iOS.xctest */;
			productType = "com.apple.product-type.bundle.ui-testing";
		};
		63DBD72D2B954215006603D0 /* VisionOS */ = {
			isa = PBXNativeTarget;
			buildConfigurationList = 63DBD74C2B954216006603D0 /* Build configuration list for PBXNativeTarget "VisionOS" */;
			buildPhases = (
				63DBD72A2B954215006603D0 /* Sources */,
				63DBD72B2B954215006603D0 /* Frameworks */,
				63DBD72C2B954215006603D0 /* Resources */,
			);
			buildRules = (
			);
			dependencies = (
			);
			name = VisionOS;
			packageProductDependencies = (
				63DBD7322B954215006603D0 /* RealityKitContent */,
				63DBD74E2B954334006603D0 /* OAuth2 */,
			);
			productName = VisionOS;
			productReference = 63DBD72E2B954215006603D0 /* VisionOS.app */;
			productType = "com.apple.product-type.application";
		};
		63DBD7412B954216006603D0 /* VisionOSTests */ = {
			isa = PBXNativeTarget;
			buildConfigurationList = 63DBD74D2B954216006603D0 /* Build configuration list for PBXNativeTarget "VisionOSTests" */;
			buildPhases = (
				63DBD73E2B954216006603D0 /* Sources */,
				63DBD73F2B954216006603D0 /* Frameworks */,
				63DBD7402B954216006603D0 /* Resources */,
			);
			buildRules = (
			);
			dependencies = (
				63DBD7442B954216006603D0 /* PBXTargetDependency */,
			);
			name = VisionOSTests;
			productName = VisionOSTests;
			productReference = 63DBD7422B954216006603D0 /* VisionOSTests.xctest */;
			productType = "com.apple.product-type.bundle.unit-test";
		};
/* End PBXNativeTarget section */

/* Begin PBXProject section */
		632CBC1F258682C8003E4988 /* Project object */ = {
			isa = PBXProject;
			attributes = {
				BuildIndependentTargetsInParallel = YES;
				LastSwiftUpdateCheck = 1520;
				LastUpgradeCheck = 1530;
				TargetAttributes = {
					632CBC2A258682C9003E4988 = {
						CreatedOnToolsVersion = 12.2;
					};
					632CBC3A258682C9003E4988 = {
						CreatedOnToolsVersion = 12.2;
						TestTargetID = 632CBC2A258682C9003E4988;
					};
					63DBD72D2B954215006603D0 = {
						CreatedOnToolsVersion = 15.2;
					};
					63DBD7412B954216006603D0 = {
						CreatedOnToolsVersion = 15.2;
						TestTargetID = 63DBD72D2B954215006603D0;
					};
				};
			};
			buildConfigurationList = 632CBC22258682C8003E4988 /* Build configuration list for PBXProject "FluxHaus" */;
			compatibilityVersion = "Xcode 12.0";
			developmentRegion = en;
			hasScannedForEncodings = 0;
			knownRegions = (
				en,
				Base,
			);
			mainGroup = 632CBC1E258682C8003E4988;
			packageReferences = (
				632CBC842587A5AA003E4988 /* XCRemoteSwiftPackageReference "OAuth2" */,
			);
			productRefGroup = 632CBC2C258682C9003E4988 /* Products */;
			projectDirPath = "";
			projectRoot = "";
			targets = (
				632CBC2A258682C9003E4988 /* FluxHaus (iOS) */,
				632CBC3A258682C9003E4988 /* Tests iOS */,
				63DBD72D2B954215006603D0 /* VisionOS */,
				63DBD7412B954216006603D0 /* VisionOSTests */,
			);
		};
/* End PBXProject section */

/* Begin PBXResourcesBuildPhase section */
		632CBC29258682C9003E4988 /* Resources */ = {
			isa = PBXResourcesBuildPhase;
			buildActionMask = 2147483647;
			files = (
				632CBC51258682C9003E4988 /* Assets.xcassets in Resources */,
			);
			runOnlyForDeploymentPostprocessing = 0;
		};
		632CBC39258682C9003E4988 /* Resources */ = {
			isa = PBXResourcesBuildPhase;
			buildActionMask = 2147483647;
			files = (
			);
			runOnlyForDeploymentPostprocessing = 0;
		};
		63DBD72C2B954215006603D0 /* Resources */ = {
			isa = PBXResourcesBuildPhase;
			buildActionMask = 2147483647;
			files = (
				63DBD73C2B954216006603D0 /* Preview Assets.xcassets in Resources */,
				63DBD7392B954216006603D0 /* Assets.xcassets in Resources */,
			);
			runOnlyForDeploymentPostprocessing = 0;
		};
		63DBD7402B954216006603D0 /* Resources */ = {
			isa = PBXResourcesBuildPhase;
			buildActionMask = 2147483647;
			files = (
			);
			runOnlyForDeploymentPostprocessing = 0;
		};
/* End PBXResourcesBuildPhase section */

/* Begin PBXShellScriptBuildPhase section */
		635F9D042BAF6F15000700FD /* ShellScript */ = {
			isa = PBXShellScriptBuildPhase;
			alwaysOutOfDate = 1;
			buildActionMask = 2147483647;
			files = (
			);
			inputFileListPaths = (
			);
			inputPaths = (
			);
			outputFileListPaths = (
			);
			outputPaths = (
			);
			runOnlyForDeploymentPostprocessing = 0;
			shellPath = /bin/sh;
			shellScript = "# Type a script or drag a script file from your workspace to insert its path.\nif [[ \"$(uname -m)\" == arm64 ]]; then\n    export PATH=\"/opt/homebrew/bin:$PATH\"\nfi\n\nif which swiftlint > /dev/null; then\n  swiftlint\nelse\n  echo \"warning: SwiftLint not installed, download from https://github.com/realm/SwiftLint\"\nfi\n";
		};
/* End PBXShellScriptBuildPhase section */

/* Begin PBXSourcesBuildPhase section */
		632CBC27258682C9003E4988 /* Sources */ = {
			isa = PBXSourcesBuildPhase;
			buildActionMask = 2147483647;
			files = (
				6399EA272B9CA534000C8CA4 /* LoadingView.swift in Sources */,
				636B9B5B258FBB6300DE97BD /* HomeKitView.swift in Sources */,
				635BD6702B9DFAE1009CEEA9 /* WhereWeAre.swift in Sources */,
				636B9B50258E912A00DE97BD /* BackgroundView.swift in Sources */,
				636B9B45258E5C3600DE97BD /* Weather.swift in Sources */,
				636B9B62258FBB7A00DE97BD /* HomeKitIntegration.swift in Sources */,
				6399EA2C2B9D2CCF000C8CA4 /* SystemNotifications.swift in Sources */,
				635BD66B2B9DF8A6009CEEA9 /* Robots.swift in Sources */,
				635BD6752B9E030E009CEEA9 /* ContentView.swift in Sources */,
				6399EA312B9D3671000C8CA4 /* Login.swift in Sources */,
				6369A139259984E400888E5D /* WeatherAlertView.swift in Sources */,
				632CBC7E25870CBB003E4988 /* AppliancesView.swift in Sources */,
				632CBC902587B4AD003E4988 /* HomeConnect.swift in Sources */,
				632CBC4F258682C9003E4988 /* DateTimeView.swift in Sources */,
				632CBC7725870B75003E4988 /* FluxHausConsts.swift in Sources */,
				636A05992B9E6EE800D42C0D /* Battery.swift in Sources */,
				632CBC702586C79E003E4988 /* Miele.swift in Sources */,
				632CBC4D258682C9003E4988 /* FluxHausApp.swift in Sources */,
				636B9B3A258E57D400DE97BD /* WeatherView.swift in Sources */,
				6399EA362B9D7901000C8CA4 /* QueryFlux.swift in Sources */,
			);
			runOnlyForDeploymentPostprocessing = 0;
		};
		632CBC37258682C9003E4988 /* Sources */ = {
			isa = PBXSourcesBuildPhase;
			buildActionMask = 2147483647;
			files = (
				636A059A2B9E6EE800D42C0D /* Battery.swift in Sources */,
				635BD66C2B9DF8A6009CEEA9 /* Robots.swift in Sources */,
				6399EA282B9CA534000C8CA4 /* LoadingView.swift in Sources */,
				635BD6762B9E030E009CEEA9 /* ContentView.swift in Sources */,
				6399EA372B9D7901000C8CA4 /* QueryFlux.swift in Sources */,
				632CBC40258682C9003E4988 /* Tests_iOS.swift in Sources */,
				6399EA2D2B9D2CCF000C8CA4 /* SystemNotifications.swift in Sources */,
				6399EA322B9D3671000C8CA4 /* Login.swift in Sources */,
				635BD6712B9DFAE1009CEEA9 /* WhereWeAre.swift in Sources */,
			);
			runOnlyForDeploymentPostprocessing = 0;
		};
		63DBD72A2B954215006603D0 /* Sources */ = {
			isa = PBXSourcesBuildPhase;
			buildActionMask = 2147483647;
			files = (
				6399EA292B9CA534000C8CA4 /* LoadingView.swift in Sources */,
				63282DC52B992B08009140F2 /* DateTimeView.swift in Sources */,
				635BD6722B9DFAE1009CEEA9 /* WhereWeAre.swift in Sources */,
				63DBD7582B954486006603D0 /* HomeKitView.swift in Sources */,
				63DBD7592B954486006603D0 /* HomeKitIntegration.swift in Sources */,
				63DBD75A2B954486006603D0 /* WeatherView.swift in Sources */,
				6399EA2E2B9D2CCF000C8CA4 /* SystemNotifications.swift in Sources */,
				635BD66D2B9DF8A6009CEEA9 /* Robots.swift in Sources */,
				6399EA332B9D3671000C8CA4 /* Login.swift in Sources */,
				636A059B2B9E6EE800D42C0D /* Battery.swift in Sources */,
				63DBD75B2B954486006603D0 /* WeatherAlertView.swift in Sources */,
				63DBD75C2B954486006603D0 /* AppliancesView.swift in Sources */,
				63DBD7542B95447A006603D0 /* HomeConnect.swift in Sources */,
				63DBD7552B95447A006603D0 /* FluxHausConsts.swift in Sources */,
				63DBD7562B95447A006603D0 /* Weather.swift in Sources */,
				63DBD7572B95447A006603D0 /* Miele.swift in Sources */,
				63DBD7372B954215006603D0 /* ContentView.swift in Sources */,
				63DBD7352B954215006603D0 /* VisionOSApp.swift in Sources */,
				6399EA382B9D7901000C8CA4 /* QueryFlux.swift in Sources */,
			);
			runOnlyForDeploymentPostprocessing = 0;
		};
		63DBD73E2B954216006603D0 /* Sources */ = {
			isa = PBXSourcesBuildPhase;
			buildActionMask = 2147483647;
			files = (
				635BD66E2B9DF8A6009CEEA9 /* Robots.swift in Sources */,
				6399EA2A2B9CA534000C8CA4 /* LoadingView.swift in Sources */,
				6399EA392B9D7901000C8CA4 /* QueryFlux.swift in Sources */,
				636A059C2B9E6EE800D42C0D /* Battery.swift in Sources */,
				63DBD7472B954216006603D0 /* VisionOSTests.swift in Sources */,
				6399EA2F2B9D2CCF000C8CA4 /* SystemNotifications.swift in Sources */,
				6399EA342B9D3671000C8CA4 /* Login.swift in Sources */,
				635BD6732B9DFAE1009CEEA9 /* WhereWeAre.swift in Sources */,
			);
			runOnlyForDeploymentPostprocessing = 0;
		};
/* End PBXSourcesBuildPhase section */

/* Begin PBXTargetDependency section */
		632CBC3D258682C9003E4988 /* PBXTargetDependency */ = {
			isa = PBXTargetDependency;
			target = 632CBC2A258682C9003E4988 /* FluxHaus (iOS) */;
			targetProxy = 632CBC3C258682C9003E4988 /* PBXContainerItemProxy */;
		};
		63DBD7442B954216006603D0 /* PBXTargetDependency */ = {
			isa = PBXTargetDependency;
			target = 63DBD72D2B954215006603D0 /* VisionOS */;
			targetProxy = 63DBD7432B954216006603D0 /* PBXContainerItemProxy */;
		};
/* End PBXTargetDependency section */

/* Begin XCBuildConfiguration section */
		632CBC53258682C9003E4988 /* Debug */ = {
			isa = XCBuildConfiguration;
			buildSettings = {
				ALWAYS_SEARCH_USER_PATHS = NO;
				CLANG_ANALYZER_NONNULL = YES;
				CLANG_ANALYZER_NUMBER_OBJECT_CONVERSION = YES_AGGRESSIVE;
				CLANG_CXX_LANGUAGE_STANDARD = "gnu++14";
				CLANG_CXX_LIBRARY = "libc++";
				CLANG_ENABLE_MODULES = YES;
				CLANG_ENABLE_OBJC_ARC = YES;
				CLANG_ENABLE_OBJC_WEAK = YES;
				CLANG_WARN_BLOCK_CAPTURE_AUTORELEASING = YES;
				CLANG_WARN_BOOL_CONVERSION = YES;
				CLANG_WARN_COMMA = YES;
				CLANG_WARN_CONSTANT_CONVERSION = YES;
				CLANG_WARN_DEPRECATED_OBJC_IMPLEMENTATIONS = YES;
				CLANG_WARN_DIRECT_OBJC_ISA_USAGE = YES_ERROR;
				CLANG_WARN_DOCUMENTATION_COMMENTS = YES;
				CLANG_WARN_EMPTY_BODY = YES;
				CLANG_WARN_ENUM_CONVERSION = YES;
				CLANG_WARN_INFINITE_RECURSION = YES;
				CLANG_WARN_INT_CONVERSION = YES;
				CLANG_WARN_NON_LITERAL_NULL_CONVERSION = YES;
				CLANG_WARN_OBJC_IMPLICIT_RETAIN_SELF = YES;
				CLANG_WARN_OBJC_LITERAL_CONVERSION = YES;
				CLANG_WARN_OBJC_ROOT_CLASS = YES_ERROR;
				CLANG_WARN_QUOTED_INCLUDE_IN_FRAMEWORK_HEADER = YES;
				CLANG_WARN_RANGE_LOOP_ANALYSIS = YES;
				CLANG_WARN_STRICT_PROTOTYPES = YES;
				CLANG_WARN_SUSPICIOUS_MOVE = YES;
				CLANG_WARN_UNGUARDED_AVAILABILITY = YES_AGGRESSIVE;
				CLANG_WARN_UNREACHABLE_CODE = YES;
				CLANG_WARN__DUPLICATE_METHOD_MATCH = YES;
				COPY_PHASE_STRIP = NO;
				DEAD_CODE_STRIPPING = YES;
				DEBUG_INFORMATION_FORMAT = dwarf;
				ENABLE_STRICT_OBJC_MSGSEND = YES;
				ENABLE_TESTABILITY = YES;
				ENABLE_USER_SCRIPT_SANDBOXING = NO;
				GCC_C_LANGUAGE_STANDARD = gnu11;
				GCC_DYNAMIC_NO_PIC = NO;
				GCC_NO_COMMON_BLOCKS = YES;
				GCC_OPTIMIZATION_LEVEL = 0;
				GCC_PREPROCESSOR_DEFINITIONS = (
					"DEBUG=1",
					"$(inherited)",
				);
				GCC_WARN_64_TO_32_BIT_CONVERSION = YES;
				GCC_WARN_ABOUT_RETURN_TYPE = YES_ERROR;
				GCC_WARN_UNDECLARED_SELECTOR = YES;
				GCC_WARN_UNINITIALIZED_AUTOS = YES_AGGRESSIVE;
				GCC_WARN_UNUSED_FUNCTION = YES;
				GCC_WARN_UNUSED_VARIABLE = YES;
				IPHONEOS_DEPLOYMENT_TARGET = 17.4;
				MACOSX_DEPLOYMENT_TARGET = 14.4;
				MTL_ENABLE_DEBUG_INFO = INCLUDE_SOURCE;
				MTL_FAST_MATH = YES;
				ONLY_ACTIVE_ARCH = YES;
				SWIFT_ACTIVE_COMPILATION_CONDITIONS = DEBUG;
				SWIFT_OPTIMIZATION_LEVEL = "-Onone";
			};
			name = Debug;
		};
		632CBC54258682C9003E4988 /* Release */ = {
			isa = XCBuildConfiguration;
			buildSettings = {
				ALWAYS_SEARCH_USER_PATHS = NO;
				CLANG_ANALYZER_NONNULL = YES;
				CLANG_ANALYZER_NUMBER_OBJECT_CONVERSION = YES_AGGRESSIVE;
				CLANG_CXX_LANGUAGE_STANDARD = "gnu++14";
				CLANG_CXX_LIBRARY = "libc++";
				CLANG_ENABLE_MODULES = YES;
				CLANG_ENABLE_OBJC_ARC = YES;
				CLANG_ENABLE_OBJC_WEAK = YES;
				CLANG_WARN_BLOCK_CAPTURE_AUTORELEASING = YES;
				CLANG_WARN_BOOL_CONVERSION = YES;
				CLANG_WARN_COMMA = YES;
				CLANG_WARN_CONSTANT_CONVERSION = YES;
				CLANG_WARN_DEPRECATED_OBJC_IMPLEMENTATIONS = YES;
				CLANG_WARN_DIRECT_OBJC_ISA_USAGE = YES_ERROR;
				CLANG_WARN_DOCUMENTATION_COMMENTS = YES;
				CLANG_WARN_EMPTY_BODY = YES;
				CLANG_WARN_ENUM_CONVERSION = YES;
				CLANG_WARN_INFINITE_RECURSION = YES;
				CLANG_WARN_INT_CONVERSION = YES;
				CLANG_WARN_NON_LITERAL_NULL_CONVERSION = YES;
				CLANG_WARN_OBJC_IMPLICIT_RETAIN_SELF = YES;
				CLANG_WARN_OBJC_LITERAL_CONVERSION = YES;
				CLANG_WARN_OBJC_ROOT_CLASS = YES_ERROR;
				CLANG_WARN_QUOTED_INCLUDE_IN_FRAMEWORK_HEADER = YES;
				CLANG_WARN_RANGE_LOOP_ANALYSIS = YES;
				CLANG_WARN_STRICT_PROTOTYPES = YES;
				CLANG_WARN_SUSPICIOUS_MOVE = YES;
				CLANG_WARN_UNGUARDED_AVAILABILITY = YES_AGGRESSIVE;
				CLANG_WARN_UNREACHABLE_CODE = YES;
				CLANG_WARN__DUPLICATE_METHOD_MATCH = YES;
				COPY_PHASE_STRIP = NO;
				DEAD_CODE_STRIPPING = YES;
				DEBUG_INFORMATION_FORMAT = "dwarf-with-dsym";
				ENABLE_NS_ASSERTIONS = NO;
				ENABLE_STRICT_OBJC_MSGSEND = YES;
				ENABLE_USER_SCRIPT_SANDBOXING = NO;
				GCC_C_LANGUAGE_STANDARD = gnu11;
				GCC_NO_COMMON_BLOCKS = YES;
				GCC_WARN_64_TO_32_BIT_CONVERSION = YES;
				GCC_WARN_ABOUT_RETURN_TYPE = YES_ERROR;
				GCC_WARN_UNDECLARED_SELECTOR = YES;
				GCC_WARN_UNINITIALIZED_AUTOS = YES_AGGRESSIVE;
				GCC_WARN_UNUSED_FUNCTION = YES;
				GCC_WARN_UNUSED_VARIABLE = YES;
				IPHONEOS_DEPLOYMENT_TARGET = 17.4;
				MACOSX_DEPLOYMENT_TARGET = 14.4;
				MTL_ENABLE_DEBUG_INFO = NO;
				MTL_FAST_MATH = YES;
				SWIFT_COMPILATION_MODE = wholemodule;
				SWIFT_OPTIMIZATION_LEVEL = "-O";
			};
			name = Release;
		};
		632CBC56258682C9003E4988 /* Debug */ = {
			isa = XCBuildConfiguration;
			buildSettings = {
				ASSETCATALOG_COMPILER_APPICON_NAME = AppIcon;
				ASSETCATALOG_COMPILER_GLOBAL_ACCENT_COLOR_NAME = AccentColor;
				CODE_SIGN_ENTITLEMENTS = FluxHaus.entitlements;
				CODE_SIGN_STYLE = Automatic;
				CURRENT_PROJECT_VERSION = 1;
				DEVELOPMENT_TEAM = 9JALHNGRBQ;
				ENABLE_PREVIEWS = YES;
				INFOPLIST_FILE = iOS/Info.plist;
				INFOPLIST_KEY_LSApplicationCategoryType = "public.app-category.utilities";
				IPHONEOS_DEPLOYMENT_TARGET = 17.0;
				LD_RUNPATH_SEARCH_PATHS = (
					"$(inherited)",
					"@executable_path/Frameworks",
				);
				MARKETING_VERSION = 1.1.3;
				PRODUCT_BUNDLE_IDENTIFIER = org.davidjensenius.FluxHaus;
				PRODUCT_NAME = FluxHaus;
				SDKROOT = iphoneos;
				SUPPORTED_PLATFORMS = "iphoneos iphonesimulator";
				SUPPORTS_MACCATALYST = YES;
				SUPPORTS_MAC_DESIGNED_FOR_IPHONE_IPAD = NO;
				SUPPORTS_XR_DESIGNED_FOR_IPHONE_IPAD = NO;
				SWIFT_VERSION = 5.0;
				TARGETED_DEVICE_FAMILY = "1,2";
			};
			name = Debug;
		};
		632CBC57258682C9003E4988 /* Release */ = {
			isa = XCBuildConfiguration;
			buildSettings = {
				ASSETCATALOG_COMPILER_APPICON_NAME = AppIcon;
				ASSETCATALOG_COMPILER_GLOBAL_ACCENT_COLOR_NAME = AccentColor;
				CODE_SIGN_ENTITLEMENTS = FluxHaus.entitlements;
				CODE_SIGN_STYLE = Automatic;
				CURRENT_PROJECT_VERSION = 1;
				DEVELOPMENT_TEAM = 9JALHNGRBQ;
				ENABLE_PREVIEWS = YES;
				INFOPLIST_FILE = iOS/Info.plist;
				INFOPLIST_KEY_LSApplicationCategoryType = "public.app-category.utilities";
				IPHONEOS_DEPLOYMENT_TARGET = 17.0;
				LD_RUNPATH_SEARCH_PATHS = (
					"$(inherited)",
					"@executable_path/Frameworks",
				);
				MARKETING_VERSION = 1.1.3;
				PRODUCT_BUNDLE_IDENTIFIER = org.davidjensenius.FluxHaus;
				PRODUCT_NAME = FluxHaus;
				SDKROOT = iphoneos;
				SUPPORTED_PLATFORMS = "iphoneos iphonesimulator";
				SUPPORTS_MACCATALYST = YES;
				SUPPORTS_MAC_DESIGNED_FOR_IPHONE_IPAD = NO;
				SUPPORTS_XR_DESIGNED_FOR_IPHONE_IPAD = NO;
				SWIFT_VERSION = 5.0;
				TARGETED_DEVICE_FAMILY = "1,2";
				VALIDATE_PRODUCT = YES;
			};
			name = Release;
		};
		632CBC5C258682C9003E4988 /* Debug */ = {
			isa = XCBuildConfiguration;
			buildSettings = {
				ALWAYS_EMBED_SWIFT_STANDARD_LIBRARIES = YES;
				CODE_SIGN_STYLE = Automatic;
				DEVELOPMENT_TEAM = 9JALHNGRBQ;
				INFOPLIST_FILE = "Tests iOS/Info.plist";
				IPHONEOS_DEPLOYMENT_TARGET = 14.2;
				LD_RUNPATH_SEARCH_PATHS = (
					"$(inherited)",
					"@executable_path/Frameworks",
					"@loader_path/Frameworks",
				);
				PRODUCT_BUNDLE_IDENTIFIER = "org.davidjensenius.Tests-iOS";
				PRODUCT_NAME = "$(TARGET_NAME)";
				SDKROOT = iphoneos;
				SWIFT_VERSION = 5.0;
				TARGETED_DEVICE_FAMILY = "1,2";
				TEST_TARGET_NAME = "FluxHaus (iOS)";
			};
			name = Debug;
		};
		632CBC5D258682C9003E4988 /* Release */ = {
			isa = XCBuildConfiguration;
			buildSettings = {
				ALWAYS_EMBED_SWIFT_STANDARD_LIBRARIES = YES;
				CODE_SIGN_STYLE = Automatic;
				DEVELOPMENT_TEAM = 9JALHNGRBQ;
				INFOPLIST_FILE = "Tests iOS/Info.plist";
				IPHONEOS_DEPLOYMENT_TARGET = 14.2;
				LD_RUNPATH_SEARCH_PATHS = (
					"$(inherited)",
					"@executable_path/Frameworks",
					"@loader_path/Frameworks",
				);
				PRODUCT_BUNDLE_IDENTIFIER = "org.davidjensenius.Tests-iOS";
				PRODUCT_NAME = "$(TARGET_NAME)";
				SDKROOT = iphoneos;
				SWIFT_VERSION = 5.0;
				TARGETED_DEVICE_FAMILY = "1,2";
				TEST_TARGET_NAME = "FluxHaus (iOS)";
				VALIDATE_PRODUCT = YES;
			};
			name = Release;
		};
		63DBD7482B954216006603D0 /* Debug */ = {
			isa = XCBuildConfiguration;
			buildSettings = {
				ASSETCATALOG_COMPILER_APPICON_NAME = AppIcon;
				ASSETCATALOG_COMPILER_GENERATE_SWIFT_ASSET_SYMBOL_EXTENSIONS = YES;
				ASSETCATALOG_COMPILER_GLOBAL_ACCENT_COLOR_NAME = AccentColor;
				CLANG_CXX_LANGUAGE_STANDARD = "gnu++20";
				CODE_SIGN_ENTITLEMENTS = VisionOS/VisionOS.entitlements;
				CODE_SIGN_STYLE = Automatic;
				CURRENT_PROJECT_VERSION = 1;
				DEVELOPMENT_ASSET_PATHS = "\"VisionOS/Preview Content\"";
				DEVELOPMENT_TEAM = 9JALHNGRBQ;
				ENABLE_PREVIEWS = YES;
				GCC_C_LANGUAGE_STANDARD = gnu17;
				GENERATE_INFOPLIST_FILE = YES;
				INFOPLIST_FILE = "$(TARGET_NAME)/Info.plist";
				INFOPLIST_KEY_CFBundleDisplayName = FluxHaus;
				INFOPLIST_KEY_NSHomeKitUsageDescription = "For the shortcuts to see our home!!!";
				INFOPLIST_KEY_NSLocationWhenInUseUsageDescription = "For the weather!!!";
				LD_RUNPATH_SEARCH_PATHS = (
					"$(inherited)",
					"@executable_path/Frameworks",
				);
				LOCALIZATION_PREFERS_STRING_CATALOGS = YES;
				MARKETING_VERSION = 1.1.3;
				PRODUCT_BUNDLE_IDENTIFIER = org.davidjensenius.FluxHaus;
				PRODUCT_NAME = "$(TARGET_NAME)";
				SDKROOT = xros;
				SUPPORTED_PLATFORMS = "xros xrsimulator";
				SWIFT_ACTIVE_COMPILATION_CONDITIONS = "DEBUG $(inherited)";
				SWIFT_EMIT_LOC_STRINGS = YES;
				SWIFT_VERSION = 5.0;
				TARGETED_DEVICE_FAMILY = "1,2,7";
				XROS_DEPLOYMENT_TARGET = 1.0;
			};
			name = Debug;
		};
		63DBD7492B954216006603D0 /* Release */ = {
			isa = XCBuildConfiguration;
			buildSettings = {
				ASSETCATALOG_COMPILER_APPICON_NAME = AppIcon;
				ASSETCATALOG_COMPILER_GENERATE_SWIFT_ASSET_SYMBOL_EXTENSIONS = YES;
				ASSETCATALOG_COMPILER_GLOBAL_ACCENT_COLOR_NAME = AccentColor;
				CLANG_CXX_LANGUAGE_STANDARD = "gnu++20";
				CODE_SIGN_ENTITLEMENTS = VisionOS/VisionOS.entitlements;
				CODE_SIGN_STYLE = Automatic;
				CURRENT_PROJECT_VERSION = 1;
				DEVELOPMENT_ASSET_PATHS = "\"VisionOS/Preview Content\"";
				DEVELOPMENT_TEAM = 9JALHNGRBQ;
				ENABLE_PREVIEWS = YES;
				GCC_C_LANGUAGE_STANDARD = gnu17;
				GENERATE_INFOPLIST_FILE = YES;
				INFOPLIST_FILE = "$(TARGET_NAME)/Info.plist";
				INFOPLIST_KEY_CFBundleDisplayName = FluxHaus;
				INFOPLIST_KEY_NSHomeKitUsageDescription = "For the shortcuts to see our home!!!";
				INFOPLIST_KEY_NSLocationWhenInUseUsageDescription = "For the weather!!!";
				LD_RUNPATH_SEARCH_PATHS = (
					"$(inherited)",
					"@executable_path/Frameworks",
				);
				LOCALIZATION_PREFERS_STRING_CATALOGS = YES;
				MARKETING_VERSION = 1.1.3;
				PRODUCT_BUNDLE_IDENTIFIER = org.davidjensenius.FluxHaus;
				PRODUCT_NAME = "$(TARGET_NAME)";
				SDKROOT = xros;
				SUPPORTED_PLATFORMS = "xros xrsimulator";
				SWIFT_EMIT_LOC_STRINGS = YES;
				SWIFT_VERSION = 5.0;
				TARGETED_DEVICE_FAMILY = "1,2,7";
				VALIDATE_PRODUCT = YES;
				XROS_DEPLOYMENT_TARGET = 1.0;
			};
			name = Release;
		};
		63DBD74A2B954216006603D0 /* Debug */ = {
			isa = XCBuildConfiguration;
			buildSettings = {
				ALWAYS_EMBED_SWIFT_STANDARD_LIBRARIES = YES;
				ASSETCATALOG_COMPILER_GENERATE_SWIFT_ASSET_SYMBOL_EXTENSIONS = YES;
				BUNDLE_LOADER = "$(TEST_HOST)";
				CLANG_CXX_LANGUAGE_STANDARD = "gnu++20";
				CODE_SIGN_STYLE = Automatic;
				CURRENT_PROJECT_VERSION = 1;
				DEVELOPMENT_TEAM = 9JALHNGRBQ;
				GCC_C_LANGUAGE_STANDARD = gnu17;
				GENERATE_INFOPLIST_FILE = YES;
				LOCALIZATION_PREFERS_STRING_CATALOGS = YES;
				MARKETING_VERSION = 1.0;
				PRODUCT_BUNDLE_IDENTIFIER = com.jensenius.fluxhaus.VisionOSTests;
				PRODUCT_NAME = "$(TARGET_NAME)";
				SDKROOT = xros;
				SUPPORTED_PLATFORMS = "xros xrsimulator";
				SWIFT_ACTIVE_COMPILATION_CONDITIONS = "DEBUG $(inherited)";
				SWIFT_EMIT_LOC_STRINGS = NO;
				SWIFT_VERSION = 5.0;
				TARGETED_DEVICE_FAMILY = "1,2,7";
				TEST_HOST = "$(BUILT_PRODUCTS_DIR)/VisionOS.app/$(BUNDLE_EXECUTABLE_FOLDER_PATH)/VisionOS";
				XROS_DEPLOYMENT_TARGET = 1.0;
			};
			name = Debug;
		};
		63DBD74B2B954216006603D0 /* Release */ = {
			isa = XCBuildConfiguration;
			buildSettings = {
				ALWAYS_EMBED_SWIFT_STANDARD_LIBRARIES = YES;
				ASSETCATALOG_COMPILER_GENERATE_SWIFT_ASSET_SYMBOL_EXTENSIONS = YES;
				BUNDLE_LOADER = "$(TEST_HOST)";
				CLANG_CXX_LANGUAGE_STANDARD = "gnu++20";
				CODE_SIGN_STYLE = Automatic;
				CURRENT_PROJECT_VERSION = 1;
				DEVELOPMENT_TEAM = 9JALHNGRBQ;
				GCC_C_LANGUAGE_STANDARD = gnu17;
				GENERATE_INFOPLIST_FILE = YES;
				LOCALIZATION_PREFERS_STRING_CATALOGS = YES;
				MARKETING_VERSION = 1.0;
				PRODUCT_BUNDLE_IDENTIFIER = com.jensenius.fluxhaus.VisionOSTests;
				PRODUCT_NAME = "$(TARGET_NAME)";
				SDKROOT = xros;
				SUPPORTED_PLATFORMS = "xros xrsimulator";
				SWIFT_EMIT_LOC_STRINGS = NO;
				SWIFT_VERSION = 5.0;
				TARGETED_DEVICE_FAMILY = "1,2,7";
				TEST_HOST = "$(BUILT_PRODUCTS_DIR)/VisionOS.app/$(BUNDLE_EXECUTABLE_FOLDER_PATH)/VisionOS";
				VALIDATE_PRODUCT = YES;
				XROS_DEPLOYMENT_TARGET = 1.0;
			};
			name = Release;
		};
/* End XCBuildConfiguration section */

/* Begin XCConfigurationList section */
		632CBC22258682C8003E4988 /* Build configuration list for PBXProject "FluxHaus" */ = {
			isa = XCConfigurationList;
			buildConfigurations = (
				632CBC53258682C9003E4988 /* Debug */,
				632CBC54258682C9003E4988 /* Release */,
			);
			defaultConfigurationIsVisible = 0;
			defaultConfigurationName = Release;
		};
		632CBC55258682C9003E4988 /* Build configuration list for PBXNativeTarget "FluxHaus (iOS)" */ = {
			isa = XCConfigurationList;
			buildConfigurations = (
				632CBC56258682C9003E4988 /* Debug */,
				632CBC57258682C9003E4988 /* Release */,
			);
			defaultConfigurationIsVisible = 0;
			defaultConfigurationName = Release;
		};
		632CBC5B258682C9003E4988 /* Build configuration list for PBXNativeTarget "Tests iOS" */ = {
			isa = XCConfigurationList;
			buildConfigurations = (
				632CBC5C258682C9003E4988 /* Debug */,
				632CBC5D258682C9003E4988 /* Release */,
			);
			defaultConfigurationIsVisible = 0;
			defaultConfigurationName = Release;
		};
		63DBD74C2B954216006603D0 /* Build configuration list for PBXNativeTarget "VisionOS" */ = {
			isa = XCConfigurationList;
			buildConfigurations = (
				63DBD7482B954216006603D0 /* Debug */,
				63DBD7492B954216006603D0 /* Release */,
			);
			defaultConfigurationIsVisible = 0;
			defaultConfigurationName = Release;
		};
		63DBD74D2B954216006603D0 /* Build configuration list for PBXNativeTarget "VisionOSTests" */ = {
			isa = XCConfigurationList;
			buildConfigurations = (
				63DBD74A2B954216006603D0 /* Debug */,
				63DBD74B2B954216006603D0 /* Release */,
			);
			defaultConfigurationIsVisible = 0;
			defaultConfigurationName = Release;
		};
/* End XCConfigurationList section */

/* Begin XCRemoteSwiftPackageReference section */
		632CBC842587A5AA003E4988 /* XCRemoteSwiftPackageReference "OAuth2" */ = {
			isa = XCRemoteSwiftPackageReference;
			repositoryURL = "https://github.com/p2/OAuth2.git";
			requirement = {
				kind = upToNextMajorVersion;
				minimumVersion = 5.2.0;
			};
		};
/* End XCRemoteSwiftPackageReference section */

/* Begin XCSwiftPackageProductDependency section */
		632CBC852587A5AA003E4988 /* OAuth2 */ = {
			isa = XCSwiftPackageProductDependency;
			package = 632CBC842587A5AA003E4988 /* XCRemoteSwiftPackageReference "OAuth2" */;
			productName = OAuth2;
		};
		63DBD7322B954215006603D0 /* RealityKitContent */ = {
			isa = XCSwiftPackageProductDependency;
			productName = RealityKitContent;
		};
		63DBD74E2B954334006603D0 /* OAuth2 */ = {
			isa = XCSwiftPackageProductDependency;
			package = 632CBC842587A5AA003E4988 /* XCRemoteSwiftPackageReference "OAuth2" */;
			productName = OAuth2;
		};
/* End XCSwiftPackageProductDependency section */
	};
	rootObject = 632CBC1F258682C8003E4988 /* Project object */;
}
